
Microsoft Visual Studio Solution File, Format Version 12.00
# Visual Studio Version 17
VisualStudioVersion = 17.0.31903.59
MinimumVisualStudioVersion = 10.0.40219.1
Project("{2150E333-8FDC-42A3-9474-1A3956D46DE8}") = "src", "src", "{0A4E9184-4755-41DD-80BD-168E00C485A0}"
EndProject
Project("{2150E333-8FDC-42A3-9474-1A3956D46DE8}") = "Adapters", "Adapters", "{D4924B3D-7DCC-4D70-9375-1C63D7BDBF26}"
EndProject
Project("{2150E333-8FDC-42A3-9474-1A3956D46DE8}") = "Driver", "Driver", "{04E330B1-709C-40D5-AEC2-BA4FED73FB6B}"
EndProject
Project("{FAE04EC0-301F-11D3-BF4B-00C04F79EFBC}") = "FoodTotem.Catalog.API", "src\Adapters\Driver\FoodTotem.Catalog.API\FoodTotem.Catalog.API.csproj", "{C86D6895-12A9-495D-AB70-F6A20DAD75D5}"
EndProject
Project("{2150E333-8FDC-42A3-9474-1A3956D46DE8}") = "Driven", "Driven", "{B50B061C-A6EB-494D-AC8C-FFBDD176A256}"
EndProject
Project("{FAE04EC0-301F-11D3-BF4B-00C04F79EFBC}") = "FoodTotem.Catalog.Gateways.MySQL", "src\Adapters\Driven\FoodTotem.Catalog.Gateways.MySQL\FoodTotem.Catalog.Gateways.MySQL.csproj", "{E68FD488-3A82-430B-9FF8-C99384686DC2}"
EndProject
Project("{2150E333-8FDC-42A3-9474-1A3956D46DE8}") = "Core", "Core", "{6C9FCB75-34E9-47E5-B69A-C64484ADAFA3}"
EndProject
Project("{FAE04EC0-301F-11D3-BF4B-00C04F79EFBC}") = "FoodTotem.Catalog.Domain", "src\Core\FoodTotem.Catalog.Domain\FoodTotem.Catalog.Domain.csproj", "{CED42BB0-A29B-4808-B7BE-3D7AE8A1A2D3}"
EndProject
Project("{FAE04EC0-301F-11D3-BF4B-00C04F79EFBC}") = "FoodTotem.Catalog.UseCase", "src\Core\FoodTotem.Catalog.UseCase\FoodTotem.Catalog.UseCase.csproj", "{D4A986E0-35CE-4880-B8B4-3DB7EBEA6349}"
EndProject
Project("{FAE04EC0-301F-11D3-BF4B-00C04F79EFBC}") = "FoodTotem.Data.Core", "src\Core\FoodTotem.Data.Core\FoodTotem.Data.Core.csproj", "{7BAA8565-861E-4496-AE8A-2B364DB55CFA}"
EndProject
Project("{FAE04EC0-301F-11D3-BF4B-00C04F79EFBC}") = "FoodTotem.Domain.Core", "src\Core\FoodTotem.Domain.Core\FoodTotem.Domain.Core.csproj", "{0267BCD5-2310-45D5-A0E1-13B7B9089BA1}"
EndProject
Global
	GlobalSection(SolutionConfigurationPlatforms) = preSolution
		Debug|Any CPU = Debug|Any CPU
		Release|Any CPU = Release|Any CPU
	EndGlobalSection
	GlobalSection(SolutionProperties) = preSolution
		HideSolutionNode = FALSE
	EndGlobalSection
	GlobalSection(ProjectConfigurationPlatforms) = postSolution
		{C86D6895-12A9-495D-AB70-F6A20DAD75D5}.Debug|Any CPU.ActiveCfg = Debug|Any CPU
		{C86D6895-12A9-495D-AB70-F6A20DAD75D5}.Debug|Any CPU.Build.0 = Debug|Any CPU
		{C86D6895-12A9-495D-AB70-F6A20DAD75D5}.Release|Any CPU.ActiveCfg = Release|Any CPU
		{C86D6895-12A9-495D-AB70-F6A20DAD75D5}.Release|Any CPU.Build.0 = Release|Any CPU
		{E68FD488-3A82-430B-9FF8-C99384686DC2}.Debug|Any CPU.ActiveCfg = Debug|Any CPU
		{E68FD488-3A82-430B-9FF8-C99384686DC2}.Debug|Any CPU.Build.0 = Debug|Any CPU
		{E68FD488-3A82-430B-9FF8-C99384686DC2}.Release|Any CPU.ActiveCfg = Release|Any CPU
		{E68FD488-3A82-430B-9FF8-C99384686DC2}.Release|Any CPU.Build.0 = Release|Any CPU
		{CED42BB0-A29B-4808-B7BE-3D7AE8A1A2D3}.Debug|Any CPU.ActiveCfg = Debug|Any CPU
		{CED42BB0-A29B-4808-B7BE-3D7AE8A1A2D3}.Debug|Any CPU.Build.0 = Debug|Any CPU
		{CED42BB0-A29B-4808-B7BE-3D7AE8A1A2D3}.Release|Any CPU.ActiveCfg = Release|Any CPU
		{CED42BB0-A29B-4808-B7BE-3D7AE8A1A2D3}.Release|Any CPU.Build.0 = Release|Any CPU
		{D4A986E0-35CE-4880-B8B4-3DB7EBEA6349}.Debug|Any CPU.ActiveCfg = Debug|Any CPU
		{D4A986E0-35CE-4880-B8B4-3DB7EBEA6349}.Debug|Any CPU.Build.0 = Debug|Any CPU
		{D4A986E0-35CE-4880-B8B4-3DB7EBEA6349}.Release|Any CPU.ActiveCfg = Release|Any CPU
		{D4A986E0-35CE-4880-B8B4-3DB7EBEA6349}.Release|Any CPU.Build.0 = Release|Any CPU
		{7BAA8565-861E-4496-AE8A-2B364DB55CFA}.Debug|Any CPU.ActiveCfg = Debug|Any CPU
		{7BAA8565-861E-4496-AE8A-2B364DB55CFA}.Debug|Any CPU.Build.0 = Debug|Any CPU
		{7BAA8565-861E-4496-AE8A-2B364DB55CFA}.Release|Any CPU.ActiveCfg = Release|Any CPU
		{7BAA8565-861E-4496-AE8A-2B364DB55CFA}.Release|Any CPU.Build.0 = Release|Any CPU
		{0267BCD5-2310-45D5-A0E1-13B7B9089BA1}.Debug|Any CPU.ActiveCfg = Debug|Any CPU
		{0267BCD5-2310-45D5-A0E1-13B7B9089BA1}.Debug|Any CPU.Build.0 = Debug|Any CPU
		{0267BCD5-2310-45D5-A0E1-13B7B9089BA1}.Release|Any CPU.ActiveCfg = Release|Any CPU
		{0267BCD5-2310-45D5-A0E1-13B7B9089BA1}.Release|Any CPU.Build.0 = Release|Any CPU
	EndGlobalSection
	GlobalSection(NestedProjects) = preSolution
		{D4924B3D-7DCC-4D70-9375-1C63D7BDBF26} = {0A4E9184-4755-41DD-80BD-168E00C485A0}
		{04E330B1-709C-40D5-AEC2-BA4FED73FB6B} = {D4924B3D-7DCC-4D70-9375-1C63D7BDBF26}
		{C86D6895-12A9-495D-AB70-F6A20DAD75D5} = {04E330B1-709C-40D5-AEC2-BA4FED73FB6B}
		{B50B061C-A6EB-494D-AC8C-FFBDD176A256} = {D4924B3D-7DCC-4D70-9375-1C63D7BDBF26}
		{E68FD488-3A82-430B-9FF8-C99384686DC2} = {B50B061C-A6EB-494D-AC8C-FFBDD176A256}
		{6C9FCB75-34E9-47E5-B69A-C64484ADAFA3} = {0A4E9184-4755-41DD-80BD-168E00C485A0}
		{CED42BB0-A29B-4808-B7BE-3D7AE8A1A2D3} = {6C9FCB75-34E9-47E5-B69A-C64484ADAFA3}
		{D4A986E0-35CE-4880-B8B4-3DB7EBEA6349} = {6C9FCB75-34E9-47E5-B69A-C64484ADAFA3}
		{7BAA8565-861E-4496-AE8A-2B364DB55CFA} = {6C9FCB75-34E9-47E5-B69A-C64484ADAFA3}
		{0267BCD5-2310-45D5-A0E1-13B7B9089BA1} = {6C9FCB75-34E9-47E5-B69A-C64484ADAFA3}
	EndGlobalSection
EndGlobal
